
Microsoft Visual Studio Solution File, Format Version 12.00
# Visual Studio Version 16
VisualStudioVersion = 16.0.29911.84
MinimumVisualStudioVersion = 10.0.40219.1
Project("{FAE04EC0-301F-11D3-BF4B-00C04F79EFBC}") = "APBD-kolokwium", "APBD-kolokwium\APBD-kolokwium.csproj", "{C582A83D-5ACA-4BD1-AFE4-CF792C41781A}"
EndProject
Global
	GlobalSection(SolutionConfigurationPlatforms) = preSolution
		Debug|Any CPU = Debug|Any CPU
		Release|Any CPU = Release|Any CPU
	EndGlobalSection
	GlobalSection(ProjectConfigurationPlatforms) = postSolution
		{C582A83D-5ACA-4BD1-AFE4-CF792C41781A}.Debug|Any CPU.ActiveCfg = Debug|Any CPU
		{C582A83D-5ACA-4BD1-AFE4-CF792C41781A}.Debug|Any CPU.Build.0 = Debug|Any CPU
		{C582A83D-5ACA-4BD1-AFE4-CF792C41781A}.Release|Any CPU.ActiveCfg = Release|Any CPU
		{C582A83D-5ACA-4BD1-AFE4-CF792C41781A}.Release|Any CPU.Build.0 = Release|Any CPU
	EndGlobalSection
	GlobalSection(SolutionProperties) = preSolution
		HideSolutionNode = FALSE
	EndGlobalSection
	GlobalSection(ExtensibilityGlobals) = postSolution
		SolutionGuid = {65F0995D-06FD-407B-AE49-311EFF1129B3}
	EndGlobalSection
EndGlobal
